
Microsoft Visual Studio Solution File, Format Version 12.00
# Visual Studio Version 16
VisualStudioVersion = 16.0.31729.503
MinimumVisualStudioVersion = 10.0.40219.1
Project("{FAE04EC0-301F-11D3-BF4B-00C04F79EFBC}") = "Autoasocjator", "Autoasocjator.csproj", "{CC0E5C63-CA0F-401A-9864-B7942B6C4F11}"
EndProject
Global
	GlobalSection(SolutionConfigurationPlatforms) = preSolution
		Debug|Any CPU = Debug|Any CPU
		Release|Any CPU = Release|Any CPU
	EndGlobalSection
	GlobalSection(ProjectConfigurationPlatforms) = postSolution
		{CC0E5C63-CA0F-401A-9864-B7942B6C4F11}.Debug|Any CPU.ActiveCfg = Debug|Any CPU
		{CC0E5C63-CA0F-401A-9864-B7942B6C4F11}.Debug|Any CPU.Build.0 = Debug|Any CPU
		{CC0E5C63-CA0F-401A-9864-B7942B6C4F11}.Release|Any CPU.ActiveCfg = Release|Any CPU
		{CC0E5C63-CA0F-401A-9864-B7942B6C4F11}.Release|Any CPU.Build.0 = Release|Any CPU
	EndGlobalSection
	GlobalSection(SolutionProperties) = preSolution
		HideSolutionNode = FALSE
	EndGlobalSection
	GlobalSection(ExtensibilityGlobals) = postSolution
		SolutionGuid = {CBE63D2C-F8F2-4653-B775-CEB021FD2642}
	EndGlobalSection
EndGlobal
